{
  "name": "tree-sitter-query",
  "version": "1.0.0",
  "lockfileVersion": 1,
  "requires": true,
  "dependencies": {
    "nan": {
      "version": "2.14.1",
      "resolved": "https://artifactory.associatesys.local/artifactory/api/npm/npm-virtual/nan/-/nan-2.14.1.tgz",
      "integrity": "sha1-174036MQW5FJTDFHCJMV7/iHSwE="
    },
    "tree-sitter-cli": {
      "version": "0.16.9",
      "resolved": "https://artifactory.associatesys.local/artifactory/api/npm/npm-virtual/tree-sitter-cli/-/tree-sitter-cli-0.16.9.tgz",
      "integrity": "sha1-5w8DOJppQRmyc8xi9FeiV7Ix6ts=",
      "dev": true
    }
  }
}
